
Microsoft Visual Studio Solution File, Format Version 12.00
# Visual Studio Version 17
VisualStudioVersion = 17.12.35527.113 d17.12
MinimumVisualStudioVersion = 10.0.40219.1
Project("{FAE04EC0-301F-11D3-BF4B-00C04F79EFBC}") = "DataAccess", "DataAccess\DataAccess.csproj", "{E552CFCD-E8E8-4B9B-B0F1-7E2845C16F57}"
EndProject
Project("{FAE04EC0-301F-11D3-BF4B-00C04F79EFBC}") = "Entities", "Entities\Entities.csproj", "{F8057667-15A3-4190-AFA7-10B8DABE4F8C}"
EndProject
Project("{FAE04EC0-301F-11D3-BF4B-00C04F79EFBC}") = "Business", "Business\Business.csproj", "{AC180DA3-9ABF-4AD6-BD74-E21161C84D9A}"
EndProject
Project("{FAE04EC0-301F-11D3-BF4B-00C04F79EFBC}") = "Core", "Core\Core.csproj", "{80A37CED-B42E-4C82-9423-BA2FBA481DA4}"
EndProject
Project("{FAE04EC0-301F-11D3-BF4B-00C04F79EFBC}") = "WebAPI", "WebAPI\WebAPI.csproj", "{ACF6C1C2-2C82-4FAE-85B5-A0D1FA9C5E88}"
EndProject
Global
	GlobalSection(SolutionConfigurationPlatforms) = preSolution
		Debug|Any CPU = Debug|Any CPU
		Release|Any CPU = Release|Any CPU
	EndGlobalSection
	GlobalSection(ProjectConfigurationPlatforms) = postSolution
		{E552CFCD-E8E8-4B9B-B0F1-7E2845C16F57}.Debug|Any CPU.ActiveCfg = Debug|Any CPU
		{E552CFCD-E8E8-4B9B-B0F1-7E2845C16F57}.Debug|Any CPU.Build.0 = Debug|Any CPU
		{E552CFCD-E8E8-4B9B-B0F1-7E2845C16F57}.Release|Any CPU.ActiveCfg = Release|Any CPU
		{E552CFCD-E8E8-4B9B-B0F1-7E2845C16F57}.Release|Any CPU.Build.0 = Release|Any CPU
		{F8057667-15A3-4190-AFA7-10B8DABE4F8C}.Debug|Any CPU.ActiveCfg = Debug|Any CPU
		{F8057667-15A3-4190-AFA7-10B8DABE4F8C}.Debug|Any CPU.Build.0 = Debug|Any CPU
		{F8057667-15A3-4190-AFA7-10B8DABE4F8C}.Release|Any CPU.ActiveCfg = Release|Any CPU
		{F8057667-15A3-4190-AFA7-10B8DABE4F8C}.Release|Any CPU.Build.0 = Release|Any CPU
		{AC180DA3-9ABF-4AD6-BD74-E21161C84D9A}.Debug|Any CPU.ActiveCfg = Debug|Any CPU
		{AC180DA3-9ABF-4AD6-BD74-E21161C84D9A}.Debug|Any CPU.Build.0 = Debug|Any CPU
		{AC180DA3-9ABF-4AD6-BD74-E21161C84D9A}.Release|Any CPU.ActiveCfg = Release|Any CPU
		{AC180DA3-9ABF-4AD6-BD74-E21161C84D9A}.Release|Any CPU.Build.0 = Release|Any CPU
		{80A37CED-B42E-4C82-9423-BA2FBA481DA4}.Debug|Any CPU.ActiveCfg = Debug|Any CPU
		{80A37CED-B42E-4C82-9423-BA2FBA481DA4}.Debug|Any CPU.Build.0 = Debug|Any CPU
		{80A37CED-B42E-4C82-9423-BA2FBA481DA4}.Release|Any CPU.ActiveCfg = Release|Any CPU
		{80A37CED-B42E-4C82-9423-BA2FBA481DA4}.Release|Any CPU.Build.0 = Release|Any CPU
		{ACF6C1C2-2C82-4FAE-85B5-A0D1FA9C5E88}.Debug|Any CPU.ActiveCfg = Debug|Any CPU
		{ACF6C1C2-2C82-4FAE-85B5-A0D1FA9C5E88}.Debug|Any CPU.Build.0 = Debug|Any CPU
		{ACF6C1C2-2C82-4FAE-85B5-A0D1FA9C5E88}.Release|Any CPU.ActiveCfg = Release|Any CPU
		{ACF6C1C2-2C82-4FAE-85B5-A0D1FA9C5E88}.Release|Any CPU.Build.0 = Release|Any CPU
	EndGlobalSection
	GlobalSection(SolutionProperties) = preSolution
		HideSolutionNode = FALSE
	EndGlobalSection
EndGlobal
